
Microsoft Visual Studio Solution File, Format Version 12.00
# Visual Studio 14
VisualStudioVersion = 14.0.25420.1
MinimumVisualStudioVersion = 10.0.40219.1
Project("{FAE04EC0-301F-11D3-BF4B-00C04F79EFBC}") = "Trains.Main", "Trains.Main\Trains.Main.csproj", "{64B71936-6DD0-461A-8646-7E958870304A}"
EndProject
Project("{FAE04EC0-301F-11D3-BF4B-00C04F79EFBC}") = "Trains.Core", "Trains.Core\Trains.Core.csproj", "{73830146-AE94-4767-BA5D-1091FDCF7CA8}"
EndProject
Project("{FAE04EC0-301F-11D3-BF4B-00C04F79EFBC}") = "Trains.Tests", "Trains.Tests\Trains.Tests.csproj", "{17E35508-9BB6-4EA5-8FDD-4265DF0D2C12}"
EndProject
Global
	GlobalSection(SolutionConfigurationPlatforms) = preSolution
		Debug|Any CPU = Debug|Any CPU
		Release|Any CPU = Release|Any CPU
	EndGlobalSection
	GlobalSection(ProjectConfigurationPlatforms) = postSolution
		{64B71936-6DD0-461A-8646-7E958870304A}.Debug|Any CPU.ActiveCfg = Debug|Any CPU
		{64B71936-6DD0-461A-8646-7E958870304A}.Debug|Any CPU.Build.0 = Debug|Any CPU
		{64B71936-6DD0-461A-8646-7E958870304A}.Release|Any CPU.ActiveCfg = Release|Any CPU
		{64B71936-6DD0-461A-8646-7E958870304A}.Release|Any CPU.Build.0 = Release|Any CPU
		{73830146-AE94-4767-BA5D-1091FDCF7CA8}.Debug|Any CPU.ActiveCfg = Debug|Any CPU
		{73830146-AE94-4767-BA5D-1091FDCF7CA8}.Debug|Any CPU.Build.0 = Debug|Any CPU
		{73830146-AE94-4767-BA5D-1091FDCF7CA8}.Release|Any CPU.ActiveCfg = Release|Any CPU
		{73830146-AE94-4767-BA5D-1091FDCF7CA8}.Release|Any CPU.Build.0 = Release|Any CPU
		{17E35508-9BB6-4EA5-8FDD-4265DF0D2C12}.Debug|Any CPU.ActiveCfg = Debug|Any CPU
		{17E35508-9BB6-4EA5-8FDD-4265DF0D2C12}.Debug|Any CPU.Build.0 = Debug|Any CPU
		{17E35508-9BB6-4EA5-8FDD-4265DF0D2C12}.Release|Any CPU.ActiveCfg = Release|Any CPU
		{17E35508-9BB6-4EA5-8FDD-4265DF0D2C12}.Release|Any CPU.Build.0 = Release|Any CPU
	EndGlobalSection
	GlobalSection(SolutionProperties) = preSolution
		HideSolutionNode = FALSE
	EndGlobalSection
EndGlobal
